
Microsoft Visual Studio Solution File, Format Version 12.00
# Visual Studio Version 16
VisualStudioVersion = 16.0.29503.13
MinimumVisualStudioVersion = 10.0.40219.1
Project("{2150E333-8FDC-42A3-9474-1A3956D46DE8}") = "Application", "Application", "{D63FBC82-CA54-483F-B422-05AB53BF9073}"
EndProject
Project("{2150E333-8FDC-42A3-9474-1A3956D46DE8}") = "Domain", "Domain", "{ECE06830-2B14-4571-BC1A-D2ADE9A5DA73}"
EndProject
Project("{2150E333-8FDC-42A3-9474-1A3956D46DE8}") = "Services", "Services", "{C550EBB0-9C3E-40C1-A4DB-833DC1BC85FB}"
EndProject
Project("{2150E333-8FDC-42A3-9474-1A3956D46DE8}") = "Infra", "Infra", "{DAE9564D-A8BA-468D-9895-EF37F18FD025}"
EndProject
Project("{2150E333-8FDC-42A3-9474-1A3956D46DE8}") = "Tests", "Tests", "{442AEC7A-DC51-4129-9A50-D6F62F8F3E7D}"
EndProject
Project("{FAE04EC0-301F-11D3-BF4B-00C04F79EFBC}") = "Conexia.Challenge.Domain", "src\Conexia.Challenge.Domain\Conexia.Challenge.Domain.csproj", "{D7E7C42C-81FB-41BF-952C-C44B4C5A4C4A}"
EndProject
Project("{FAE04EC0-301F-11D3-BF4B-00C04F79EFBC}") = "Conexia.Challenge.Application", "src\Conexia.Challenge.Application\Conexia.Challenge.Application.csproj", "{E34A35CA-4602-421B-A19A-C794E049AE8D}"
EndProject
Project("{FAE04EC0-301F-11D3-BF4B-00C04F79EFBC}") = "Conexia.Challenge.Infra.Data", "src\Conexia.Challenge.Infra.Data\Conexia.Challenge.Infra.Data.csproj", "{FFB5838F-9B3E-45F1-BCDD-2D82DE9D374B}"
EndProject
Project("{FAE04EC0-301F-11D3-BF4B-00C04F79EFBC}") = "Conexia.Challenge.Infra.IoC", "src\Conexia.Challenge.Infra.IoC\Conexia.Challenge.Infra.IoC.csproj", "{DB98BCEE-6576-4210-BB8F-9F068AEC1467}"
EndProject
Project("{FAE04EC0-301F-11D3-BF4B-00C04F79EFBC}") = "Conexia.Challenge.Infra.Bootstrap", "src\Conexia.Challenge.Infra.Bootstrap\Conexia.Challenge.Infra.Bootstrap.csproj", "{2B33E918-8D7F-494B-B5A7-80068440B6AB}"
EndProject
Project("{FAE04EC0-301F-11D3-BF4B-00C04F79EFBC}") = "Conexia.Challenge.Services.Api", "src\Conexia.Challenge.Services.Api\Conexia.Challenge.Services.Api.csproj", "{78CE1443-406A-42AF-AB17-EB5EE8FC4E42}"
EndProject
Project("{FAE04EC0-301F-11D3-BF4B-00C04F79EFBC}") = "Conexia.Challenge.Infra.Framework", "src\Conexia.Challenge.Infra.Framework\Conexia.Challenge.Infra.Framework.csproj", "{2D223A68-D55C-4A20-B562-9FBB2BD2A12E}"
EndProject
Project("{FAE04EC0-301F-11D3-BF4B-00C04F79EFBC}") = "Conexia.Challenge.Infra.Logging", "src\Conexia.Challenge.Infra.Logging\Conexia.Challenge.Infra.Logging.csproj", "{174FEDE9-BD6D-4573-A3AA-9C4E8983EE4B}"
EndProject
Project("{2150E333-8FDC-42A3-9474-1A3956D46DE8}") = "Application", "Application", "{D69CBF45-22FE-462F-AFE1-A0A839B1BF18}"
EndProject
Project("{2150E333-8FDC-42A3-9474-1A3956D46DE8}") = "Domain", "Domain", "{928A914D-A643-4B74-89A1-5EAF5EFF1F27}"
EndProject
Project("{2150E333-8FDC-42A3-9474-1A3956D46DE8}") = "Services", "Services", "{556B92D0-B7EB-4907-B9DA-5928B1C8230B}"
EndProject
Global
	GlobalSection(SolutionConfigurationPlatforms) = preSolution
		Debug|Any CPU = Debug|Any CPU
		Release|Any CPU = Release|Any CPU
	EndGlobalSection
	GlobalSection(ProjectConfigurationPlatforms) = postSolution
		{D7E7C42C-81FB-41BF-952C-C44B4C5A4C4A}.Debug|Any CPU.ActiveCfg = Debug|Any CPU
		{D7E7C42C-81FB-41BF-952C-C44B4C5A4C4A}.Debug|Any CPU.Build.0 = Debug|Any CPU
		{D7E7C42C-81FB-41BF-952C-C44B4C5A4C4A}.Release|Any CPU.ActiveCfg = Release|Any CPU
		{D7E7C42C-81FB-41BF-952C-C44B4C5A4C4A}.Release|Any CPU.Build.0 = Release|Any CPU
		{E34A35CA-4602-421B-A19A-C794E049AE8D}.Debug|Any CPU.ActiveCfg = Debug|Any CPU
		{E34A35CA-4602-421B-A19A-C794E049AE8D}.Debug|Any CPU.Build.0 = Debug|Any CPU
		{E34A35CA-4602-421B-A19A-C794E049AE8D}.Release|Any CPU.ActiveCfg = Release|Any CPU
		{E34A35CA-4602-421B-A19A-C794E049AE8D}.Release|Any CPU.Build.0 = Release|Any CPU
		{FFB5838F-9B3E-45F1-BCDD-2D82DE9D374B}.Debug|Any CPU.ActiveCfg = Debug|Any CPU
		{FFB5838F-9B3E-45F1-BCDD-2D82DE9D374B}.Debug|Any CPU.Build.0 = Debug|Any CPU
		{FFB5838F-9B3E-45F1-BCDD-2D82DE9D374B}.Release|Any CPU.ActiveCfg = Release|Any CPU
		{FFB5838F-9B3E-45F1-BCDD-2D82DE9D374B}.Release|Any CPU.Build.0 = Release|Any CPU
		{DB98BCEE-6576-4210-BB8F-9F068AEC1467}.Debug|Any CPU.ActiveCfg = Debug|Any CPU
		{DB98BCEE-6576-4210-BB8F-9F068AEC1467}.Debug|Any CPU.Build.0 = Debug|Any CPU
		{DB98BCEE-6576-4210-BB8F-9F068AEC1467}.Release|Any CPU.ActiveCfg = Release|Any CPU
		{DB98BCEE-6576-4210-BB8F-9F068AEC1467}.Release|Any CPU.Build.0 = Release|Any CPU
		{2B33E918-8D7F-494B-B5A7-80068440B6AB}.Debug|Any CPU.ActiveCfg = Debug|Any CPU
		{2B33E918-8D7F-494B-B5A7-80068440B6AB}.Debug|Any CPU.Build.0 = Debug|Any CPU
		{2B33E918-8D7F-494B-B5A7-80068440B6AB}.Release|Any CPU.ActiveCfg = Release|Any CPU
		{2B33E918-8D7F-494B-B5A7-80068440B6AB}.Release|Any CPU.Build.0 = Release|Any CPU
		{78CE1443-406A-42AF-AB17-EB5EE8FC4E42}.Debug|Any CPU.ActiveCfg = Debug|Any CPU
		{78CE1443-406A-42AF-AB17-EB5EE8FC4E42}.Debug|Any CPU.Build.0 = Debug|Any CPU
		{78CE1443-406A-42AF-AB17-EB5EE8FC4E42}.Release|Any CPU.ActiveCfg = Release|Any CPU
		{78CE1443-406A-42AF-AB17-EB5EE8FC4E42}.Release|Any CPU.Build.0 = Release|Any CPU
		{2D223A68-D55C-4A20-B562-9FBB2BD2A12E}.Debug|Any CPU.ActiveCfg = Debug|Any CPU
		{2D223A68-D55C-4A20-B562-9FBB2BD2A12E}.Debug|Any CPU.Build.0 = Debug|Any CPU
		{2D223A68-D55C-4A20-B562-9FBB2BD2A12E}.Release|Any CPU.ActiveCfg = Release|Any CPU
		{2D223A68-D55C-4A20-B562-9FBB2BD2A12E}.Release|Any CPU.Build.0 = Release|Any CPU
		{174FEDE9-BD6D-4573-A3AA-9C4E8983EE4B}.Debug|Any CPU.ActiveCfg = Debug|Any CPU
		{174FEDE9-BD6D-4573-A3AA-9C4E8983EE4B}.Debug|Any CPU.Build.0 = Debug|Any CPU
		{174FEDE9-BD6D-4573-A3AA-9C4E8983EE4B}.Release|Any CPU.ActiveCfg = Release|Any CPU
		{174FEDE9-BD6D-4573-A3AA-9C4E8983EE4B}.Release|Any CPU.Build.0 = Release|Any CPU
	EndGlobalSection
	GlobalSection(SolutionProperties) = preSolution
		HideSolutionNode = FALSE
	EndGlobalSection
	GlobalSection(NestedProjects) = preSolution
		{D7E7C42C-81FB-41BF-952C-C44B4C5A4C4A} = {ECE06830-2B14-4571-BC1A-D2ADE9A5DA73}
		{E34A35CA-4602-421B-A19A-C794E049AE8D} = {D63FBC82-CA54-483F-B422-05AB53BF9073}
		{FFB5838F-9B3E-45F1-BCDD-2D82DE9D374B} = {DAE9564D-A8BA-468D-9895-EF37F18FD025}
		{DB98BCEE-6576-4210-BB8F-9F068AEC1467} = {DAE9564D-A8BA-468D-9895-EF37F18FD025}
		{2B33E918-8D7F-494B-B5A7-80068440B6AB} = {DAE9564D-A8BA-468D-9895-EF37F18FD025}
		{78CE1443-406A-42AF-AB17-EB5EE8FC4E42} = {C550EBB0-9C3E-40C1-A4DB-833DC1BC85FB}
		{2D223A68-D55C-4A20-B562-9FBB2BD2A12E} = {DAE9564D-A8BA-468D-9895-EF37F18FD025}
		{174FEDE9-BD6D-4573-A3AA-9C4E8983EE4B} = {DAE9564D-A8BA-468D-9895-EF37F18FD025}
		{D69CBF45-22FE-462F-AFE1-A0A839B1BF18} = {442AEC7A-DC51-4129-9A50-D6F62F8F3E7D}
		{928A914D-A643-4B74-89A1-5EAF5EFF1F27} = {442AEC7A-DC51-4129-9A50-D6F62F8F3E7D}
		{556B92D0-B7EB-4907-B9DA-5928B1C8230B} = {442AEC7A-DC51-4129-9A50-D6F62F8F3E7D}
	EndGlobalSection
	GlobalSection(ExtensibilityGlobals) = postSolution
		SolutionGuid = {06CD4D09-756F-429E-A1D1-4CDA7AC33E3D}
	EndGlobalSection
EndGlobal
